
Microsoft Visual Studio Solution File, Format Version 12.00
# Visual Studio Version 16
VisualStudioVersion = 16.0.29709.97
MinimumVisualStudioVersion = 10.0.40219.1
Project("{FAE04EC0-301F-11D3-BF4B-00C04F79EFBC}") = "BuscaminasFinal", "BuscaminasFinal\BuscaminasFinal.csproj", "{5D8DAEE4-D2B1-4205-BA2D-88C52623AA7E}"
EndProject
Project("{FAE04EC0-301F-11D3-BF4B-00C04F79EFBC}") = "BuscaminasFinalGráfico", "BuscaminasFinalGráfico\BuscaminasFinalGráfico.csproj", "{32C14577-9363-420B-9840-2A8753C2587A}"
EndProject
Global
	GlobalSection(SolutionConfigurationPlatforms) = preSolution
		Debug|Any CPU = Debug|Any CPU
		Release|Any CPU = Release|Any CPU
	EndGlobalSection
	GlobalSection(ProjectConfigurationPlatforms) = postSolution
		{5D8DAEE4-D2B1-4205-BA2D-88C52623AA7E}.Debug|Any CPU.ActiveCfg = Debug|Any CPU
		{5D8DAEE4-D2B1-4205-BA2D-88C52623AA7E}.Debug|Any CPU.Build.0 = Debug|Any CPU
		{5D8DAEE4-D2B1-4205-BA2D-88C52623AA7E}.Release|Any CPU.ActiveCfg = Release|Any CPU
		{5D8DAEE4-D2B1-4205-BA2D-88C52623AA7E}.Release|Any CPU.Build.0 = Release|Any CPU
		{32C14577-9363-420B-9840-2A8753C2587A}.Debug|Any CPU.ActiveCfg = Debug|Any CPU
		{32C14577-9363-420B-9840-2A8753C2587A}.Debug|Any CPU.Build.0 = Debug|Any CPU
		{32C14577-9363-420B-9840-2A8753C2587A}.Release|Any CPU.ActiveCfg = Release|Any CPU
		{32C14577-9363-420B-9840-2A8753C2587A}.Release|Any CPU.Build.0 = Release|Any CPU
	EndGlobalSection
	GlobalSection(SolutionProperties) = preSolution
		HideSolutionNode = FALSE
	EndGlobalSection
	GlobalSection(ExtensibilityGlobals) = postSolution
		SolutionGuid = {33C4D5BE-AD42-4860-AE62-472AF3BC1B8D}
	EndGlobalSection
EndGlobal
